
Microsoft Visual Studio Solution File, Format Version 12.00
# Visual Studio Version 16
VisualStudioVersion = 16.0.31321.278
MinimumVisualStudioVersion = 10.0.40219.1
Project("{FAE04EC0-301F-11D3-BF4B-00C04F79EFBC}") = "Practice6_9_21", "Practice6_9_21\Practice6_9_21.csproj", "{C7D2AB8A-AEE4-4739-B1A9-29C1219B19A2}"
EndProject
Global
	GlobalSection(SolutionConfigurationPlatforms) = preSolution
		Debug|Any CPU = Debug|Any CPU
		Release|Any CPU = Release|Any CPU
	EndGlobalSection
	GlobalSection(ProjectConfigurationPlatforms) = postSolution
		{C7D2AB8A-AEE4-4739-B1A9-29C1219B19A2}.Debug|Any CPU.ActiveCfg = Debug|Any CPU
		{C7D2AB8A-AEE4-4739-B1A9-29C1219B19A2}.Debug|Any CPU.Build.0 = Debug|Any CPU
		{C7D2AB8A-AEE4-4739-B1A9-29C1219B19A2}.Release|Any CPU.ActiveCfg = Release|Any CPU
		{C7D2AB8A-AEE4-4739-B1A9-29C1219B19A2}.Release|Any CPU.Build.0 = Release|Any CPU
	EndGlobalSection
	GlobalSection(SolutionProperties) = preSolution
		HideSolutionNode = FALSE
	EndGlobalSection
	GlobalSection(ExtensibilityGlobals) = postSolution
		SolutionGuid = {82DDB55C-B722-4ED9-928B-E20E1C87020F}
	EndGlobalSection
EndGlobal
